
Microsoft Visual Studio Solution File, Format Version 12.00
# Visual Studio 15
VisualStudioVersion = 15.0.28010.2036
MinimumVisualStudioVersion = 10.0.40219.1
Project("{FAE04EC0-301F-11D3-BF4B-00C04F79EFBC}") = "XMLDataBase", "XMLDataBase\XMLDataBase.csproj", "{F7B33F23-A8AF-4FE7-BD21-C1BB3DA53266}"
EndProject
Global
	GlobalSection(SolutionConfigurationPlatforms) = preSolution
		Debug|Any CPU = Debug|Any CPU
		Debug|Mixed Platforms = Debug|Mixed Platforms
		Debug|x86 = Debug|x86
		Release|Any CPU = Release|Any CPU
		Release|Mixed Platforms = Release|Mixed Platforms
		Release|x86 = Release|x86
	EndGlobalSection
	GlobalSection(ProjectConfigurationPlatforms) = postSolution
		{F7B33F23-A8AF-4FE7-BD21-C1BB3DA53266}.Debug|Any CPU.ActiveCfg = Debug|Any CPU
		{F7B33F23-A8AF-4FE7-BD21-C1BB3DA53266}.Debug|Any CPU.Build.0 = Debug|Any CPU
		{F7B33F23-A8AF-4FE7-BD21-C1BB3DA53266}.Debug|Mixed Platforms.ActiveCfg = Debug|Any CPU
		{F7B33F23-A8AF-4FE7-BD21-C1BB3DA53266}.Debug|Mixed Platforms.Build.0 = Debug|Any CPU
		{F7B33F23-A8AF-4FE7-BD21-C1BB3DA53266}.Debug|x86.ActiveCfg = Debug|Any CPU
		{F7B33F23-A8AF-4FE7-BD21-C1BB3DA53266}.Release|Any CPU.ActiveCfg = Release|Any CPU
		{F7B33F23-A8AF-4FE7-BD21-C1BB3DA53266}.Release|Any CPU.Build.0 = Release|Any CPU
		{F7B33F23-A8AF-4FE7-BD21-C1BB3DA53266}.Release|Mixed Platforms.ActiveCfg = Release|Any CPU
		{F7B33F23-A8AF-4FE7-BD21-C1BB3DA53266}.Release|Mixed Platforms.Build.0 = Release|Any CPU
		{F7B33F23-A8AF-4FE7-BD21-C1BB3DA53266}.Release|x86.ActiveCfg = Release|Any CPU
	EndGlobalSection
	GlobalSection(SolutionProperties) = preSolution
		HideSolutionNode = FALSE
	EndGlobalSection
	GlobalSection(ExtensibilityGlobals) = postSolution
		SolutionGuid = {E725C03F-7E1C-4702-9900-80AAB10BD897}
	EndGlobalSection
	GlobalSection(TestCaseManagementSettings) = postSolution
		CategoryFile = XMLDataBase.vsmdi
	EndGlobalSection
EndGlobal
